
Microsoft Visual Studio Solution File, Format Version 12.00
# Visual Studio Version 17
VisualStudioVersion = 17.3.32901.215
MinimumVisualStudioVersion = 10.0.40219.1
Project("{FAE04EC0-301F-11D3-BF4B-00C04F79EFBC}") = "Exe1_20210140090_ASD", "Exe1_20210140090_ASD\Exe1_20210140090_ASD.csproj", "{C35443B9-21B9-4C82-905D-8FAF26E4272F}"
EndProject
Global
	GlobalSection(SolutionConfigurationPlatforms) = preSolution
		Debug|Any CPU = Debug|Any CPU
		Release|Any CPU = Release|Any CPU
	EndGlobalSection
	GlobalSection(ProjectConfigurationPlatforms) = postSolution
		{C35443B9-21B9-4C82-905D-8FAF26E4272F}.Debug|Any CPU.ActiveCfg = Debug|Any CPU
		{C35443B9-21B9-4C82-905D-8FAF26E4272F}.Debug|Any CPU.Build.0 = Debug|Any CPU
		{C35443B9-21B9-4C82-905D-8FAF26E4272F}.Release|Any CPU.ActiveCfg = Release|Any CPU
		{C35443B9-21B9-4C82-905D-8FAF26E4272F}.Release|Any CPU.Build.0 = Release|Any CPU
	EndGlobalSection
	GlobalSection(SolutionProperties) = preSolution
		HideSolutionNode = FALSE
	EndGlobalSection
	GlobalSection(ExtensibilityGlobals) = postSolution
		SolutionGuid = {0C0B091B-2872-48CE-B270-A25C6D00F229}
	EndGlobalSection
EndGlobal
